
Microsoft Visual Studio Solution File, Format Version 10.00
# Visual Studio 2008
Project("{8BC9CEB8-8B4A-11D0-8D11-00A0C91BC942}") = "ImgReader", "ImgReader\ImgReader.vcproj", "{6E6DF1E6-1BE6-4EB8-8FAE-69F4600FEAF1}"
EndProject
Project("{8BC9CEB8-8B4A-11D0-8D11-00A0C91BC942}") = "iStitch", "iStitch\iStitch.vcproj", "{F980EB4A-79FC-41CB-ADB8-6E41D0771472}"
EndProject
Project("{8BC9CEB8-8B4A-11D0-8D11-00A0C91BC942}") = "iOptics", "iOptics\iOptics.vcproj", "{D60EFF82-77F1-4122-8C10-D3A1FC0979C0}"
EndProject
Global
	GlobalSection(SolutionConfigurationPlatforms) = preSolution
		Debug|Win32 = Debug|Win32
		Release|Win32 = Release|Win32
	EndGlobalSection
	GlobalSection(ProjectConfigurationPlatforms) = postSolution
		{6E6DF1E6-1BE6-4EB8-8FAE-69F4600FEAF1}.Debug|Win32.ActiveCfg = Debug|Win32
		{6E6DF1E6-1BE6-4EB8-8FAE-69F4600FEAF1}.Debug|Win32.Build.0 = Debug|Win32
		{6E6DF1E6-1BE6-4EB8-8FAE-69F4600FEAF1}.Release|Win32.ActiveCfg = Release|Win32
		{6E6DF1E6-1BE6-4EB8-8FAE-69F4600FEAF1}.Release|Win32.Build.0 = Release|Win32
		{F980EB4A-79FC-41CB-ADB8-6E41D0771472}.Debug|Win32.ActiveCfg = Debug|Win32
		{F980EB4A-79FC-41CB-ADB8-6E41D0771472}.Debug|Win32.Build.0 = Debug|Win32
		{F980EB4A-79FC-41CB-ADB8-6E41D0771472}.Release|Win32.ActiveCfg = Release|Win32
		{F980EB4A-79FC-41CB-ADB8-6E41D0771472}.Release|Win32.Build.0 = Release|Win32
		{D60EFF82-77F1-4122-8C10-D3A1FC0979C0}.Debug|Win32.ActiveCfg = Debug|Win32
		{D60EFF82-77F1-4122-8C10-D3A1FC0979C0}.Debug|Win32.Build.0 = Debug|Win32
		{D60EFF82-77F1-4122-8C10-D3A1FC0979C0}.Release|Win32.ActiveCfg = Release|Win32
		{D60EFF82-77F1-4122-8C10-D3A1FC0979C0}.Release|Win32.Build.0 = Release|Win32
	EndGlobalSection
	GlobalSection(SolutionProperties) = preSolution
		HideSolutionNode = FALSE
	EndGlobalSection
EndGlobal
